
Microsoft Visual Studio Solution File, Format Version 12.00
# Visual Studio Version 17
VisualStudioVersion = 17.6.33829.357
MinimumVisualStudioVersion = 10.0.40219.1
Project("{9A19103F-16F7-4668-BE54-9A1E7A4F7556}") = "ProductStore", "ProductStore\ProductStore.csproj", "{C8845660-74A4-41F5-ACA8-3C3BDE288537}"
EndProject
Project("{9A19103F-16F7-4668-BE54-9A1E7A4F7556}") = "ProductStoreTest", "ProductStoreTest\ProductStoreTest.csproj", "{EDB0EE06-FA97-4C18-B9C2-98E4058D6DB6}"
EndProject
Project("{9A19103F-16F7-4668-BE54-9A1E7A4F7556}") = "ProductStore.Core", "ProductStore.Domain\ProductStore.Core.csproj", "{EA385D2C-4530-4DA5-A1C8-0F3A5798FA47}"
EndProject
Project("{9A19103F-16F7-4668-BE54-9A1E7A4F7556}") = "ProductStore.Infrastructure", "ProductStore.Infrastructure\ProductStore.Infrastructure.csproj", "{4B900207-6322-4798-88FE-F4B329E03FE2}"
EndProject
Project("{9A19103F-16F7-4668-BE54-9A1E7A4F7556}") = "ProductStore.Framework", "ProductStore.Framework\ProductStore.Framework.csproj", "{8E9AC840-5EFF-4655-AB9A-D151D9D1D8D9}"
EndProject
Project("{9A19103F-16F7-4668-BE54-9A1E7A4F7556}") = "ProductStoreController_ConsoleApp", "ProductStoreController_ConsoleApp\ProductStoreController_ConsoleApp.csproj", "{2C792E5C-A00A-4942-B298-9F93D70A0DA6}"
EndProject
Global
	GlobalSection(SolutionConfigurationPlatforms) = preSolution
		Debug|Any CPU = Debug|Any CPU
		Release|Any CPU = Release|Any CPU
	EndGlobalSection
	GlobalSection(ProjectConfigurationPlatforms) = postSolution
		{C8845660-74A4-41F5-ACA8-3C3BDE288537}.Debug|Any CPU.ActiveCfg = Debug|Any CPU
		{C8845660-74A4-41F5-ACA8-3C3BDE288537}.Debug|Any CPU.Build.0 = Debug|Any CPU
		{C8845660-74A4-41F5-ACA8-3C3BDE288537}.Release|Any CPU.ActiveCfg = Release|Any CPU
		{C8845660-74A4-41F5-ACA8-3C3BDE288537}.Release|Any CPU.Build.0 = Release|Any CPU
		{EDB0EE06-FA97-4C18-B9C2-98E4058D6DB6}.Debug|Any CPU.ActiveCfg = Debug|Any CPU
		{EDB0EE06-FA97-4C18-B9C2-98E4058D6DB6}.Debug|Any CPU.Build.0 = Debug|Any CPU
		{EDB0EE06-FA97-4C18-B9C2-98E4058D6DB6}.Release|Any CPU.ActiveCfg = Release|Any CPU
		{EDB0EE06-FA97-4C18-B9C2-98E4058D6DB6}.Release|Any CPU.Build.0 = Release|Any CPU
		{EA385D2C-4530-4DA5-A1C8-0F3A5798FA47}.Debug|Any CPU.ActiveCfg = Debug|Any CPU
		{EA385D2C-4530-4DA5-A1C8-0F3A5798FA47}.Debug|Any CPU.Build.0 = Debug|Any CPU
		{EA385D2C-4530-4DA5-A1C8-0F3A5798FA47}.Release|Any CPU.ActiveCfg = Release|Any CPU
		{EA385D2C-4530-4DA5-A1C8-0F3A5798FA47}.Release|Any CPU.Build.0 = Release|Any CPU
		{4B900207-6322-4798-88FE-F4B329E03FE2}.Debug|Any CPU.ActiveCfg = Debug|Any CPU
		{4B900207-6322-4798-88FE-F4B329E03FE2}.Debug|Any CPU.Build.0 = Debug|Any CPU
		{4B900207-6322-4798-88FE-F4B329E03FE2}.Release|Any CPU.ActiveCfg = Release|Any CPU
		{4B900207-6322-4798-88FE-F4B329E03FE2}.Release|Any CPU.Build.0 = Release|Any CPU
		{8E9AC840-5EFF-4655-AB9A-D151D9D1D8D9}.Debug|Any CPU.ActiveCfg = Debug|Any CPU
		{8E9AC840-5EFF-4655-AB9A-D151D9D1D8D9}.Debug|Any CPU.Build.0 = Debug|Any CPU
		{8E9AC840-5EFF-4655-AB9A-D151D9D1D8D9}.Release|Any CPU.ActiveCfg = Release|Any CPU
		{8E9AC840-5EFF-4655-AB9A-D151D9D1D8D9}.Release|Any CPU.Build.0 = Release|Any CPU
		{2C792E5C-A00A-4942-B298-9F93D70A0DA6}.Debug|Any CPU.ActiveCfg = Debug|Any CPU
		{2C792E5C-A00A-4942-B298-9F93D70A0DA6}.Debug|Any CPU.Build.0 = Debug|Any CPU
		{2C792E5C-A00A-4942-B298-9F93D70A0DA6}.Release|Any CPU.ActiveCfg = Release|Any CPU
		{2C792E5C-A00A-4942-B298-9F93D70A0DA6}.Release|Any CPU.Build.0 = Release|Any CPU
	EndGlobalSection
	GlobalSection(SolutionProperties) = preSolution
		HideSolutionNode = FALSE
	EndGlobalSection
	GlobalSection(ExtensibilityGlobals) = postSolution
		SolutionGuid = {93BA6BDD-DE5B-40CD-954A-73958CEA515D}
	EndGlobalSection
EndGlobal
